// !$*UTF8*$!
{
	archiveVersion = 1;
	classes = {
	};
	objectVersion = 45;
	objects = {

/* Begin PBXBuildFile section */
		1D60589B0D05DD56006BFB54 /* main.m in Sources */ = {isa = PBXBuildFile; fileRef = 29B97316FDCFA39411CA2CEA /* main.m */; };
		1D60589F0D05DD5A006BFB54 /* Foundation.framework in Frameworks */ = {isa = PBXBuildFile; fileRef = 1D30AB110D05D00D00671497 /* Foundation.framework */; };
		1DF5F4E00D08C38300B7A737 /* UIKit.framework in Frameworks */ = {isa = PBXBuildFile; fileRef = 1DF5F4DF0D08C38300B7A737 /* UIKit.framework */; };
		288765A50DF7441C002DB57D /* CoreGraphics.framework in Frameworks */ = {isa = PBXBuildFile; fileRef = 288765A40DF7441C002DB57D /* CoreGraphics.framework */; };
		2899E5220DE3E06400AC0155 /* iOS__Dwibbble_ViewController.xib in Resources */ = {isa = PBXBuildFile; fileRef = 2899E5210DE3E06400AC0155 /* iOS__Dwibbble_ViewController.xib */; };
		28AD733F0D9D9553002E5188 /* MainWindow.xib in Resources */ = {isa = PBXBuildFile; fileRef = 28AD733E0D9D9553002E5188 /* MainWindow.xib */; };
		5611803B123BF8BB00C640BA /* Dwibbble.m in Sources */ = {isa = PBXBuildFile; fileRef = 56118031123BF8BB00C640BA /* Dwibbble.m */; };
		5611803D123BF8BB00C640BA /* DwibbblePlayer.m in Sources */ = {isa = PBXBuildFile; fileRef = 56118035123BF8BB00C640BA /* DwibbblePlayer.m */; };
		5611803E123BF8BB00C640BA /* DwibbbleRequest.m in Sources */ = {isa = PBXBuildFile; fileRef = 56118037123BF8BB00C640BA /* DwibbbleRequest.m */; };
		5611803F123BF8BB00C640BA /* DwibbbleShot.m in Sources */ = {isa = PBXBuildFile; fileRef = 56118039123BF8BB00C640BA /* DwibbbleShot.m */; };
		5611811F123BFC1F00C640BA /* DwibbbleParser.m in Sources */ = {isa = PBXBuildFile; fileRef = 5611811E123BFC1F00C640BA /* DwibbbleParser.m */; };
		5690A76A125E4D260073BC9E /* CDataScanner.m in Sources */ = {isa = PBXBuildFile; fileRef = 5690A752125E4D260073BC9E /* CDataScanner.m */; };
		5690A76B125E4D260073BC9E /* CExtensibleJSONDataSerializer.m in Sources */ = {isa = PBXBuildFile; fileRef = 5690A755125E4D260073BC9E /* CExtensibleJSONDataSerializer.m */; };
		5690A76C125E4D260073BC9E /* CDataScanner_Extensions.m in Sources */ = {isa = PBXBuildFile; fileRef = 5690A758125E4D260073BC9E /* CDataScanner_Extensions.m */; };
		5690A76D125E4D260073BC9E /* NSCharacterSet_Extensions.m in Sources */ = {isa = PBXBuildFile; fileRef = 5690A75A125E4D260073BC9E /* NSCharacterSet_Extensions.m */; };
		5690A76E125E4D260073BC9E /* NSDictionary_JSONExtensions.m in Sources */ = {isa = PBXBuildFile; fileRef = 5690A75C125E4D260073BC9E /* NSDictionary_JSONExtensions.m */; };
		5690A76F125E4D260073BC9E /* NSScanner_Extensions.m in Sources */ = {isa = PBXBuildFile; fileRef = 5690A75E125E4D260073BC9E /* NSScanner_Extensions.m */; };
		5690A770125E4D260073BC9E /* CJSONDataSerializer.m in Sources */ = {isa = PBXBuildFile; fileRef = 5690A761125E4D260073BC9E /* CJSONDataSerializer.m */; };
		5690A771125E4D260073BC9E /* CJSONDeserializer.m in Sources */ = {isa = PBXBuildFile; fileRef = 5690A763125E4D260073BC9E /* CJSONDeserializer.m */; };
		5690A772125E4D260073BC9E /* CJSONScanner.m in Sources */ = {isa = PBXBuildFile; fileRef = 5690A765125E4D260073BC9E /* CJSONScanner.m */; };
		5690A773125E4D260073BC9E /* CJSONSerializer.m in Sources */ = {isa = PBXBuildFile; fileRef = 5690A767125E4D260073BC9E /* CJSONSerializer.m */; };
		5690A774125E4D260073BC9E /* CSerializedJSONData.m in Sources */ = {isa = PBXBuildFile; fileRef = 5690A769125E4D260073BC9E /* CSerializedJSONData.m */; };
		56C78E53123C1A1800F51017 /* DwibbbleList.m in Sources */ = {isa = PBXBuildFile; fileRef = 56C78E52123C1A1800F51017 /* DwibbbleList.m */; };
		56CBA89F1234F68A008C5512 /* iOS__Dwibbble_AppDelegate.m in Sources */ = {isa = PBXBuildFile; fileRef = 56CBA89C1234F68A008C5512 /* iOS__Dwibbble_AppDelegate.m */; };
		56CBA8A01234F68A008C5512 /* iOS__Dwibbble_ViewController.m in Sources */ = {isa = PBXBuildFile; fileRef = 56CBA89E1234F68A008C5512 /* iOS__Dwibbble_ViewController.m */; };
		56CBA9401234F9A9008C5512 /* SystemConfiguration.framework in Frameworks */ = {isa = PBXBuildFile; fileRef = 56CBA93F1234F9A9008C5512 /* SystemConfiguration.framework */; };
/* End PBXBuildFile section */

/* Begin PBXFileReference section */
		1D30AB110D05D00D00671497 /* Foundation.framework */ = {isa = PBXFileReference; lastKnownFileType = wrapper.framework; name = Foundation.framework; path = System/Library/Frameworks/Foundation.framework; sourceTree = SDKROOT; };
		1D6058910D05DD3D006BFB54 /* iOS (Dwibbble).app */ = {isa = PBXFileReference; explicitFileType = wrapper.application; includeInIndex = 0; path = "iOS (Dwibbble).app"; sourceTree = BUILT_PRODUCTS_DIR; };
		1DF5F4DF0D08C38300B7A737 /* UIKit.framework */ = {isa = PBXFileReference; lastKnownFileType = wrapper.framework; name = UIKit.framework; path = System/Library/Frameworks/UIKit.framework; sourceTree = SDKROOT; };
		288765A40DF7441C002DB57D /* CoreGraphics.framework */ = {isa = PBXFileReference; lastKnownFileType = wrapper.framework; name = CoreGraphics.framework; path = System/Library/Frameworks/CoreGraphics.framework; sourceTree = SDKROOT; };
		2899E5210DE3E06400AC0155 /* iOS__Dwibbble_ViewController.xib */ = {isa = PBXFileReference; lastKnownFileType = file.xib; path = iOS__Dwibbble_ViewController.xib; sourceTree = "<group>"; };
		28AD733E0D9D9553002E5188 /* MainWindow.xib */ = {isa = PBXFileReference; lastKnownFileType = file.xib; path = MainWindow.xib; sourceTree = "<group>"; };
		29B97316FDCFA39411CA2CEA /* main.m */ = {isa = PBXFileReference; fileEncoding = 4; lastKnownFileType = sourcecode.c.objc; path = main.m; sourceTree = "<group>"; };
		32CA4F630368D1EE00C91783 /* iOS__Dwibbble__Prefix.pch */ = {isa = PBXFileReference; fileEncoding = 4; lastKnownFileType = sourcecode.c.h; path = iOS__Dwibbble__Prefix.pch; sourceTree = "<group>"; };
		56118030123BF8BB00C640BA /* Dwibbble.h */ = {isa = PBXFileReference; fileEncoding = 4; lastKnownFileType = sourcecode.c.h; name = Dwibbble.h; path = ../Dwibbble.h; sourceTree = SOURCE_ROOT; };
		56118031123BF8BB00C640BA /* Dwibbble.m */ = {isa = PBXFileReference; fileEncoding = 4; lastKnownFileType = sourcecode.c.objc; name = Dwibbble.m; path = ../Dwibbble.m; sourceTree = SOURCE_ROOT; };
		56118034123BF8BB00C640BA /* DwibbblePlayer.h */ = {isa = PBXFileReference; fileEncoding = 4; lastKnownFileType = sourcecode.c.h; name = DwibbblePlayer.h; path = ../DwibbblePlayer.h; sourceTree = SOURCE_ROOT; };
		56118035123BF8BB00C640BA /* DwibbblePlayer.m */ = {isa = PBXFileReference; fileEncoding = 4; lastKnownFileType = sourcecode.c.objc; name = DwibbblePlayer.m; path = ../DwibbblePlayer.m; sourceTree = SOURCE_ROOT; };
		56118036123BF8BB00C640BA /* DwibbbleRequest.h */ = {isa = PBXFileReference; fileEncoding = 4; lastKnownFileType = sourcecode.c.h; name = DwibbbleRequest.h; path = ../DwibbbleRequest.h; sourceTree = SOURCE_ROOT; };
		56118037123BF8BB00C640BA /* DwibbbleRequest.m */ = {isa = PBXFileReference; fileEncoding = 4; lastKnownFileType = sourcecode.c.objc; name = DwibbbleRequest.m; path = ../DwibbbleRequest.m; sourceTree = SOURCE_ROOT; };
		56118038123BF8BB00C640BA /* DwibbbleShot.h */ = {isa = PBXFileReference; fileEncoding = 4; lastKnownFileType = sourcecode.c.h; name = DwibbbleShot.h; path = ../DwibbbleShot.h; sourceTree = SOURCE_ROOT; };
		56118039123BF8BB00C640BA /* DwibbbleShot.m */ = {isa = PBXFileReference; fileEncoding = 4; lastKnownFileType = sourcecode.c.objc; name = DwibbbleShot.m; path = ../DwibbbleShot.m; sourceTree = SOURCE_ROOT; };
		5611811D123BFC1F00C640BA /* DwibbbleParser.h */ = {isa = PBXFileReference; fileEncoding = 4; lastKnownFileType = sourcecode.c.h; name = DwibbbleParser.h; path = ../DwibbbleParser.h; sourceTree = SOURCE_ROOT; };
		5611811E123BFC1F00C640BA /* DwibbbleParser.m */ = {isa = PBXFileReference; fileEncoding = 4; lastKnownFileType = sourcecode.c.objc; name = DwibbbleParser.m; path = ../DwibbbleParser.m; sourceTree = SOURCE_ROOT; };
		5690A751125E4D260073BC9E /* CDataScanner.h */ = {isa = PBXFileReference; fileEncoding = 4; lastKnownFileType = sourcecode.c.h; path = CDataScanner.h; sourceTree = "<group>"; };
		5690A752125E4D260073BC9E /* CDataScanner.m */ = {isa = PBXFileReference; fileEncoding = 4; lastKnownFileType = sourcecode.c.objc; path = CDataScanner.m; sourceTree = "<group>"; };
		5690A754125E4D260073BC9E /* CExtensibleJSONDataSerializer.h */ = {isa = PBXFileReference; fileEncoding = 4; lastKnownFileType = sourcecode.c.h; path = CExtensibleJSONDataSerializer.h; sourceTree = "<group>"; };
		5690A755125E4D260073BC9E /* CExtensibleJSONDataSerializer.m */ = {isa = PBXFileReference; fileEncoding = 4; lastKnownFileType = sourcecode.c.objc; path = CExtensibleJSONDataSerializer.m; sourceTree = "<group>"; };
		5690A757125E4D260073BC9E /* CDataScanner_Extensions.h */ = {isa = PBXFileReference; fileEncoding = 4; lastKnownFileType = sourcecode.c.h; path = CDataScanner_Extensions.h; sourceTree = "<group>"; };
		5690A758125E4D260073BC9E /* CDataScanner_Extensions.m */ = {isa = PBXFileReference; fileEncoding = 4; lastKnownFileType = sourcecode.c.objc; path = CDataScanner_Extensions.m; sourceTree = "<group>"; };
		5690A759125E4D260073BC9E /* NSCharacterSet_Extensions.h */ = {isa = PBXFileReference; fileEncoding = 4; lastKnownFileType = sourcecode.c.h; path = NSCharacterSet_Extensions.h; sourceTree = "<group>"; };
		5690A75A125E4D260073BC9E /* NSCharacterSet_Extensions.m */ = {isa = PBXFileReference; fileEncoding = 4; lastKnownFileType = sourcecode.c.objc; path = NSCharacterSet_Extensions.m; sourceTree = "<group>"; };
		5690A75B125E4D260073BC9E /* NSDictionary_JSONExtensions.h */ = {isa = PBXFileReference; fileEncoding = 4; lastKnownFileType = sourcecode.c.h; path = NSDictionary_JSONExtensions.h; sourceTree = "<group>"; };
		5690A75C125E4D260073BC9E /* NSDictionary_JSONExtensions.m */ = {isa = PBXFileReference; fileEncoding = 4; lastKnownFileType = sourcecode.c.objc; path = NSDictionary_JSONExtensions.m; sourceTree = "<group>"; };
		5690A75D125E4D260073BC9E /* NSScanner_Extensions.h */ = {isa = PBXFileReference; fileEncoding = 4; lastKnownFileType = sourcecode.c.h; path = NSScanner_Extensions.h; sourceTree = "<group>"; };
		5690A75E125E4D260073BC9E /* NSScanner_Extensions.m */ = {isa = PBXFileReference; fileEncoding = 4; lastKnownFileType = sourcecode.c.objc; path = NSScanner_Extensions.m; sourceTree = "<group>"; };
		5690A760125E4D260073BC9E /* CJSONDataSerializer.h */ = {isa = PBXFileReference; fileEncoding = 4; lastKnownFileType = sourcecode.c.h; path = CJSONDataSerializer.h; sourceTree = "<group>"; };
		5690A761125E4D260073BC9E /* CJSONDataSerializer.m */ = {isa = PBXFileReference; fileEncoding = 4; lastKnownFileType = sourcecode.c.objc; path = CJSONDataSerializer.m; sourceTree = "<group>"; };
		5690A762125E4D260073BC9E /* CJSONDeserializer.h */ = {isa = PBXFileReference; fileEncoding = 4; lastKnownFileType = sourcecode.c.h; path = CJSONDeserializer.h; sourceTree = "<group>"; };
		5690A763125E4D260073BC9E /* CJSONDeserializer.m */ = {isa = PBXFileReference; fileEncoding = 4; lastKnownFileType = sourcecode.c.objc; path = CJSONDeserializer.m; sourceTree = "<group>"; };
		5690A764125E4D260073BC9E /* CJSONScanner.h */ = {isa = PBXFileReference; fileEncoding = 4; lastKnownFileType = sourcecode.c.h; path = CJSONScanner.h; sourceTree = "<group>"; };
		5690A765125E4D260073BC9E /* CJSONScanner.m */ = {isa = PBXFileReference; fileEncoding = 4; lastKnownFileType = sourcecode.c.objc; path = CJSONScanner.m; sourceTree = "<group>"; };
		5690A766125E4D260073BC9E /* CJSONSerializer.h */ = {isa = PBXFileReference; fileEncoding = 4; lastKnownFileType = sourcecode.c.h; path = CJSONSerializer.h; sourceTree = "<group>"; };
		5690A767125E4D260073BC9E /* CJSONSerializer.m */ = {isa = PBXFileReference; fileEncoding = 4; lastKnownFileType = sourcecode.c.objc; path = CJSONSerializer.m; sourceTree = "<group>"; };
		5690A768125E4D260073BC9E /* CSerializedJSONData.h */ = {isa = PBXFileReference; fileEncoding = 4; lastKnownFileType = sourcecode.c.h; path = CSerializedJSONData.h; sourceTree = "<group>"; };
		5690A769125E4D260073BC9E /* CSerializedJSONData.m */ = {isa = PBXFileReference; fileEncoding = 4; lastKnownFileType = sourcecode.c.objc; path = CSerializedJSONData.m; sourceTree = "<group>"; };
		56C78E51123C1A1800F51017 /* DwibbbleList.h */ = {isa = PBXFileReference; fileEncoding = 4; lastKnownFileType = sourcecode.c.h; name = DwibbbleList.h; path = ../DwibbbleList.h; sourceTree = SOURCE_ROOT; };
		56C78E52123C1A1800F51017 /* DwibbbleList.m */ = {isa = PBXFileReference; fileEncoding = 4; lastKnownFileType = sourcecode.c.objc; name = DwibbbleList.m; path = ../DwibbbleList.m; sourceTree = SOURCE_ROOT; };
		56CBA89B1234F68A008C5512 /* iOS__Dwibbble_AppDelegate.h */ = {isa = PBXFileReference; fileEncoding = 4; lastKnownFileType = sourcecode.c.h; path = iOS__Dwibbble_AppDelegate.h; sourceTree = "<group>"; };
		56CBA89C1234F68A008C5512 /* iOS__Dwibbble_AppDelegate.m */ = {isa = PBXFileReference; fileEncoding = 4; lastKnownFileType = sourcecode.c.objc; path = iOS__Dwibbble_AppDelegate.m; sourceTree = "<group>"; };
		56CBA89D1234F68A008C5512 /* iOS__Dwibbble_ViewController.h */ = {isa = PBXFileReference; fileEncoding = 4; lastKnownFileType = sourcecode.c.h; path = iOS__Dwibbble_ViewController.h; sourceTree = "<group>"; };
		56CBA89E1234F68A008C5512 /* iOS__Dwibbble_ViewController.m */ = {isa = PBXFileReference; fileEncoding = 4; lastKnownFileType = sourcecode.c.objc; path = iOS__Dwibbble_ViewController.m; sourceTree = "<group>"; };
		56CBA93F1234F9A9008C5512 /* SystemConfiguration.framework */ = {isa = PBXFileReference; lastKnownFileType = wrapper.framework; name = SystemConfiguration.framework; path = System/Library/Frameworks/SystemConfiguration.framework; sourceTree = SDKROOT; };
		8D1107310486CEB800E47090 /* iOS__Dwibbble_-Info.plist */ = {isa = PBXFileReference; fileEncoding = 4; lastKnownFileType = text.plist.xml; path = "iOS__Dwibbble_-Info.plist"; plistStructureDefinitionIdentifier = "com.apple.xcode.plist.structure-definition.iphone.info-plist"; sourceTree = "<group>"; };
/* End PBXFileReference section */

/* Begin PBXFrameworksBuildPhase section */
		1D60588F0D05DD3D006BFB54 /* Frameworks */ = {
			isa = PBXFrameworksBuildPhase;
			buildActionMask = 2147483647;
			files = (
				1D60589F0D05DD5A006BFB54 /* Foundation.framework in Frameworks */,
				1DF5F4E00D08C38300B7A737 /* UIKit.framework in Frameworks */,
				288765A50DF7441C002DB57D /* CoreGraphics.framework in Frameworks */,
				56CBA9401234F9A9008C5512 /* SystemConfiguration.framework in Frameworks */,
			);
			runOnlyForDeploymentPostprocessing = 0;
		};
/* End PBXFrameworksBuildPhase section */

/* Begin PBXGroup section */
		19C28FACFE9D520D11CA2CBB /* Products */ = {
			isa = PBXGroup;
			children = (
				1D6058910D05DD3D006BFB54 /* iOS (Dwibbble).app */,
			);
			name = Products;
			sourceTree = "<group>";
		};
		29B97314FDCFA39411CA2CEA /* CustomTemplate */ = {
			isa = PBXGroup;
			children = (
				5690A750125E4D260073BC9E /* JSON */,
				56CBAB701235295A008C5512 /* Dwibbble */,
				56CBA89A1234F68A008C5512 /* Classes */,
				29B97315FDCFA39411CA2CEA /* Other Sources */,
				29B97317FDCFA39411CA2CEA /* Resources */,
				29B97323FDCFA39411CA2CEA /* Frameworks */,
				19C28FACFE9D520D11CA2CBB /* Products */,
			);
			name = CustomTemplate;
			sourceTree = "<group>";
		};
		29B97315FDCFA39411CA2CEA /* Other Sources */ = {
			isa = PBXGroup;
			children = (
				32CA4F630368D1EE00C91783 /* iOS__Dwibbble__Prefix.pch */,
				29B97316FDCFA39411CA2CEA /* main.m */,
			);
			name = "Other Sources";
			sourceTree = "<group>";
		};
		29B97317FDCFA39411CA2CEA /* Resources */ = {
			isa = PBXGroup;
			children = (
				2899E5210DE3E06400AC0155 /* iOS__Dwibbble_ViewController.xib */,
				28AD733E0D9D9553002E5188 /* MainWindow.xib */,
				8D1107310486CEB800E47090 /* iOS__Dwibbble_-Info.plist */,
			);
			name = Resources;
			sourceTree = "<group>";
		};
		29B97323FDCFA39411CA2CEA /* Frameworks */ = {
			isa = PBXGroup;
			children = (
				1DF5F4DF0D08C38300B7A737 /* UIKit.framework */,
				1D30AB110D05D00D00671497 /* Foundation.framework */,
				288765A40DF7441C002DB57D /* CoreGraphics.framework */,
				56CBA93F1234F9A9008C5512 /* SystemConfiguration.framework */,
			);
			name = Frameworks;
			sourceTree = "<group>";
		};
		5690A750125E4D260073BC9E /* JSON */ = {
			isa = PBXGroup;
			children = (
				5690A751125E4D260073BC9E /* CDataScanner.h */,
				5690A752125E4D260073BC9E /* CDataScanner.m */,
				5690A753125E4D260073BC9E /* Experimental */,
				5690A756125E4D260073BC9E /* Extensions */,
				5690A75F125E4D260073BC9E /* JSON */,
			);
			name = JSON;
			path = ../JSON;
			sourceTree = SOURCE_ROOT;
		};
		5690A753125E4D260073BC9E /* Experimental */ = {
			isa = PBXGroup;
			children = (
				5690A754125E4D260073BC9E /* CExtensibleJSONDataSerializer.h */,
				5690A755125E4D260073BC9E /* CExtensibleJSONDataSerializer.m */,
			);
			path = Experimental;
			sourceTree = "<group>";
		};
		5690A756125E4D260073BC9E /* Extensions */ = {
			isa = PBXGroup;
			children = (
				5690A757125E4D260073BC9E /* CDataScanner_Extensions.h */,
				5690A758125E4D260073BC9E /* CDataScanner_Extensions.m */,
				5690A759125E4D260073BC9E /* NSCharacterSet_Extensions.h */,
				5690A75A125E4D260073BC9E /* NSCharacterSet_Extensions.m */,
				5690A75B125E4D260073BC9E /* NSDictionary_JSONExtensions.h */,
				5690A75C125E4D260073BC9E /* NSDictionary_JSONExtensions.m */,
				5690A75D125E4D260073BC9E /* NSScanner_Extensions.h */,
				5690A75E125E4D260073BC9E /* NSScanner_Extensions.m */,
			);
			path = Extensions;
			sourceTree = "<group>";
		};
		5690A75F125E4D260073BC9E /* JSON */ = {
			isa = PBXGroup;
			children = (
				5690A760125E4D260073BC9E /* CJSONDataSerializer.h */,
				5690A761125E4D260073BC9E /* CJSONDataSerializer.m */,
				5690A762125E4D260073BC9E /* CJSONDeserializer.h */,
				5690A763125E4D260073BC9E /* CJSONDeserializer.m */,
				5690A764125E4D260073BC9E /* CJSONScanner.h */,
				5690A765125E4D260073BC9E /* CJSONScanner.m */,
				5690A766125E4D260073BC9E /* CJSONSerializer.h */,
				5690A767125E4D260073BC9E /* CJSONSerializer.m */,
				5690A768125E4D260073BC9E /* CSerializedJSONData.h */,
				5690A769125E4D260073BC9E /* CSerializedJSONData.m */,
			);
			path = JSON;
			sourceTree = "<group>";
		};
		56CBA89A1234F68A008C5512 /* Classes */ = {
			isa = PBXGroup;
			children = (
				56CBA89B1234F68A008C5512 /* iOS__Dwibbble_AppDelegate.h */,
				56CBA89C1234F68A008C5512 /* iOS__Dwibbble_AppDelegate.m */,
				56CBA89D1234F68A008C5512 /* iOS__Dwibbble_ViewController.h */,
				56CBA89E1234F68A008C5512 /* iOS__Dwibbble_ViewController.m */,
			);
			path = Classes;
			sourceTree = "<group>";
		};
		56CBAB701235295A008C5512 /* Dwibbble */ = {
			isa = PBXGroup;
			children = (
				56118030123BF8BB00C640BA /* Dwibbble.h */,
				56118031123BF8BB00C640BA /* Dwibbble.m */,
				56C78E51123C1A1800F51017 /* DwibbbleList.h */,
				56C78E52123C1A1800F51017 /* DwibbbleList.m */,
				56118034123BF8BB00C640BA /* DwibbblePlayer.h */,
				56118035123BF8BB00C640BA /* DwibbblePlayer.m */,
				56118038123BF8BB00C640BA /* DwibbbleShot.h */,
				56118039123BF8BB00C640BA /* DwibbbleShot.m */,
				56118036123BF8BB00C640BA /* DwibbbleRequest.h */,
				56118037123BF8BB00C640BA /* DwibbbleRequest.m */,
				5611811D123BFC1F00C640BA /* DwibbbleParser.h */,
				5611811E123BFC1F00C640BA /* DwibbbleParser.m */,
			);
			name = Dwibbble;
			sourceTree = "<group>";
		};
/* End PBXGroup section */

/* Begin PBXNativeTarget section */
		1D6058900D05DD3D006BFB54 /* iOS (Dwibbble) */ = {
			isa = PBXNativeTarget;
			buildConfigurationList = 1D6058960D05DD3E006BFB54 /* Build configuration list for PBXNativeTarget "iOS (Dwibbble)" */;
			buildPhases = (
				1D60588D0D05DD3D006BFB54 /* Resources */,
				1D60588E0D05DD3D006BFB54 /* Sources */,
				1D60588F0D05DD3D006BFB54 /* Frameworks */,
			);
			buildRules = (
			);
			dependencies = (
			);
			name = "iOS (Dwibbble)";
			productName = "iOS (Dwibbble)";
			productReference = 1D6058910D05DD3D006BFB54 /* iOS (Dwibbble).app */;
			productType = "com.apple.product-type.application";
		};
/* End PBXNativeTarget section */

/* Begin PBXProject section */
		29B97313FDCFA39411CA2CEA /* Project object */ = {
			isa = PBXProject;
			buildConfigurationList = C01FCF4E08A954540054247B /* Build configuration list for PBXProject "iOS (Dwibbble)" */;
			compatibilityVersion = "Xcode 3.1";
			developmentRegion = English;
			hasScannedForEncodings = 1;
			knownRegions = (
				English,
				Japanese,
				French,
				German,
			);
			mainGroup = 29B97314FDCFA39411CA2CEA /* CustomTemplate */;
			projectDirPath = "";
			projectRoot = "";
			targets = (
				1D6058900D05DD3D006BFB54 /* iOS (Dwibbble) */,
			);
		};
/* End PBXProject section */

/* Begin PBXResourcesBuildPhase section */
		1D60588D0D05DD3D006BFB54 /* Resources */ = {
			isa = PBXResourcesBuildPhase;
			buildActionMask = 2147483647;
			files = (
				28AD733F0D9D9553002E5188 /* MainWindow.xib in Resources */,
				2899E5220DE3E06400AC0155 /* iOS__Dwibbble_ViewController.xib in Resources */,
			);
			runOnlyForDeploymentPostprocessing = 0;
		};
/* End PBXResourcesBuildPhase section */

/* Begin PBXSourcesBuildPhase section */
		1D60588E0D05DD3D006BFB54 /* Sources */ = {
			isa = PBXSourcesBuildPhase;
			buildActionMask = 2147483647;
			files = (
				1D60589B0D05DD56006BFB54 /* main.m in Sources */,
				56CBA89F1234F68A008C5512 /* iOS__Dwibbble_AppDelegate.m in Sources */,
				56CBA8A01234F68A008C5512 /* iOS__Dwibbble_ViewController.m in Sources */,
				5611803B123BF8BB00C640BA /* Dwibbble.m in Sources */,
				5611803D123BF8BB00C640BA /* DwibbblePlayer.m in Sources */,
				5611803E123BF8BB00C640BA /* DwibbbleRequest.m in Sources */,
				5611803F123BF8BB00C640BA /* DwibbbleShot.m in Sources */,
				5611811F123BFC1F00C640BA /* DwibbbleParser.m in Sources */,
				56C78E53123C1A1800F51017 /* DwibbbleList.m in Sources */,
				5690A76A125E4D260073BC9E /* CDataScanner.m in Sources */,
				5690A76B125E4D260073BC9E /* CExtensibleJSONDataSerializer.m in Sources */,
				5690A76C125E4D260073BC9E /* CDataScanner_Extensions.m in Sources */,
				5690A76D125E4D260073BC9E /* NSCharacterSet_Extensions.m in Sources */,
				5690A76E125E4D260073BC9E /* NSDictionary_JSONExtensions.m in Sources */,
				5690A76F125E4D260073BC9E /* NSScanner_Extensions.m in Sources */,
				5690A770125E4D260073BC9E /* CJSONDataSerializer.m in Sources */,
				5690A771125E4D260073BC9E /* CJSONDeserializer.m in Sources */,
				5690A772125E4D260073BC9E /* CJSONScanner.m in Sources */,
				5690A773125E4D260073BC9E /* CJSONSerializer.m in Sources */,
				5690A774125E4D260073BC9E /* CSerializedJSONData.m in Sources */,
			);
			runOnlyForDeploymentPostprocessing = 0;
		};
/* End PBXSourcesBuildPhase section */

/* Begin XCBuildConfiguration section */
		1D6058940D05DD3E006BFB54 /* Debug */ = {
			isa = XCBuildConfiguration;
			buildSettings = {
				ALWAYS_SEARCH_USER_PATHS = NO;
				COPY_PHASE_STRIP = NO;
				GCC_DYNAMIC_NO_PIC = NO;
				GCC_OPTIMIZATION_LEVEL = 0;
				GCC_PRECOMPILE_PREFIX_HEADER = YES;
				GCC_PREFIX_HEADER = iOS__Dwibbble__Prefix.pch;
				INFOPLIST_FILE = "iOS__Dwibbble_-Info.plist";
				PRODUCT_NAME = "iOS (Dwibbble)";
			};
			name = Debug;
		};
		1D6058950D05DD3E006BFB54 /* Release */ = {
			isa = XCBuildConfiguration;
			buildSettings = {
				ALWAYS_SEARCH_USER_PATHS = NO;
				COPY_PHASE_STRIP = YES;
				GCC_PRECOMPILE_PREFIX_HEADER = YES;
				GCC_PREFIX_HEADER = iOS__Dwibbble__Prefix.pch;
				INFOPLIST_FILE = "iOS__Dwibbble_-Info.plist";
				PRODUCT_NAME = "iOS (Dwibbble)";
				VALIDATE_PRODUCT = YES;
			};
			name = Release;
		};
		C01FCF4F08A954540054247B /* Debug */ = {
			isa = XCBuildConfiguration;
			buildSettings = {
				ARCHS = "$(ARCHS_STANDARD_32_BIT)";
				"CODE_SIGN_IDENTITY[sdk=iphoneos*]" = "iPhone Developer";
				GCC_C_LANGUAGE_STANDARD = c99;
				GCC_WARN_ABOUT_RETURN_TYPE = YES;
				GCC_WARN_UNUSED_VARIABLE = YES;
				PREBINDING = NO;
				SDKROOT = iphoneos4.1;
			};
			name = Debug;
		};
		C01FCF5008A954540054247B /* Release */ = {
			isa = XCBuildConfiguration;
			buildSettings = {
				ARCHS = "$(ARCHS_STANDARD_32_BIT)";
				"CODE_SIGN_IDENTITY[sdk=iphoneos*]" = "iPhone Developer";
				GCC_C_LANGUAGE_STANDARD = c99;
				GCC_WARN_ABOUT_RETURN_TYPE = YES;
				GCC_WARN_UNUSED_VARIABLE = YES;
				OTHER_CFLAGS = "-DNS_BLOCK_ASSERTIONS=1";
				PREBINDING = NO;
				SDKROOT = iphoneos4.0;
			};
			name = Release;
		};
/* End XCBuildConfiguration section */

/* Begin XCConfigurationList section */
		1D6058960D05DD3E006BFB54 /* Build configuration list for PBXNativeTarget "iOS (Dwibbble)" */ = {
			isa = XCConfigurationList;
			buildConfigurations = (
				1D6058940D05DD3E006BFB54 /* Debug */,
				1D6058950D05DD3E006BFB54 /* Release */,
			);
			defaultConfigurationIsVisible = 0;
			defaultConfigurationName = Release;
		};
		C01FCF4E08A954540054247B /* Build configuration list for PBXProject "iOS (Dwibbble)" */ = {
			isa = XCConfigurationList;
			buildConfigurations = (
				C01FCF4F08A954540054247B /* Debug */,
				C01FCF5008A954540054247B /* Release */,
			);
			defaultConfigurationIsVisible = 0;
			defaultConfigurationName = Release;
		};
/* End XCConfigurationList section */
	};
	rootObject = 29B97313FDCFA39411CA2CEA /* Project object */;
}
